
Microsoft Visual Studio Solution File, Format Version 12.00
# Visual Studio Version 16
VisualStudioVersion = 16.0.31321.278
MinimumVisualStudioVersion = 10.0.40219.1
Project("{2150E333-8FDC-42A3-9474-1A3956D46DE8}") = "src", "src", "{D3B12560-F636-42BB-98BB-957F6399C47C}"
EndProject
Project("{2150E333-8FDC-42A3-9474-1A3956D46DE8}") = "BuildingBlocks", "BuildingBlocks", "{A3E97ECB-566B-4D2C-A070-E89992B4585E}"
EndProject
Project("{2150E333-8FDC-42A3-9474-1A3956D46DE8}") = "Services", "Services", "{8A0DCD1C-5D6A-451F-8F1F-24A9D2DC7CFE}"
EndProject
Project("{2150E333-8FDC-42A3-9474-1A3956D46DE8}") = "Core", "Core", "{1E622ACC-81CD-4CA9-9BE8-68BE63E5D6C2}"
EndProject
Project("{2150E333-8FDC-42A3-9474-1A3956D46DE8}") = "Movimentation", "Movimentation", "{F7A66A90-9698-4B89-9C01-EF60A544F1B7}"
EndProject
Project("{2150E333-8FDC-42A3-9474-1A3956D46DE8}") = "1 - Api", "1 - Api", "{09852077-118D-4091-BFA6-96EAFE04ECDE}"
EndProject
Project("{2150E333-8FDC-42A3-9474-1A3956D46DE8}") = "2 - Application", "2 - Application", "{733E7A12-C3AF-4AFB-BE68-93DEA26C619D}"
EndProject
Project("{2150E333-8FDC-42A3-9474-1A3956D46DE8}") = "3 - Domain", "3 - Domain", "{C505666C-92A2-45F5-BF23-636B3255B9A2}"
EndProject
Project("{2150E333-8FDC-42A3-9474-1A3956D46DE8}") = "4 - Infra", "4 - Infra", "{C62F7878-7F02-4E7E-A7BB-8FCA6C0BB453}"
EndProject
Project("{2150E333-8FDC-42A3-9474-1A3956D46DE8}") = "5 - CrossCutting", "5 - CrossCutting", "{969BA664-9FB5-44F8-9472-5993A63864A1}"
EndProject
Project("{2150E333-8FDC-42A3-9474-1A3956D46DE8}") = "6 - Tests", "6 - Tests", "{2E1F4D04-A24D-4EA7-A507-E90931C6E836}"
EndProject
Project("{9A19103F-16F7-4668-BE54-9A1E7A4F7556}") = "MIU.Movimentations.API", "src\services\Movimentation\MIU.Movimentations.API\MIU.Movimentations.API.csproj", "{BC76031B-C95E-4849-90C5-714774042315}"
EndProject
Project("{9A19103F-16F7-4668-BE54-9A1E7A4F7556}") = "MIU.Movimentations.Application", "src\services\Movimentation\MIU.Movimentation.Application\MIU.Movimentations.Application.csproj", "{8F0DBA54-5B39-40C1-8D89-135F704000C7}"
EndProject
Project("{9A19103F-16F7-4668-BE54-9A1E7A4F7556}") = "MIU.Domain.Core", "src\services\Movimentation\MIU.Domain.Core\MIU.Domain.Core.csproj", "{AA7A454B-1785-40C1-ADC7-53A97A086DE3}"
EndProject
Project("{9A19103F-16F7-4668-BE54-9A1E7A4F7556}") = "MIU.Movimentations.Domain", "src\services\Movimentation\MIU.Movimentation.Domain\MIU.Movimentations.Domain.csproj", "{1C9338B3-D654-4B0B-B5CB-74128CB95C46}"
EndProject
Project("{9A19103F-16F7-4668-BE54-9A1E7A4F7556}") = "MIU.Movimentations.Infra", "src\services\Movimentation\MIU.Movimentation.Infra\MIU.Movimentations.Infra.csproj", "{8BFDA753-401F-41C1-816A-DB47BD2FF5A5}"
EndProject
Project("{2150E333-8FDC-42A3-9474-1A3956D46DE8}") = "Services", "Services", "{AC3B885C-91ED-47B9-A8F0-B731E0DDFA7B}"
EndProject
Project("{9A19103F-16F7-4668-BE54-9A1E7A4F7556}") = "MIU.WebAPI.Core", "src\buildingblocks\MIU.WebAPI.Core\MIU.WebAPI.Core.csproj", "{8B9E68A7-E053-4287-B7F6-AACFE82A428F}"
EndProject
Project("{9A19103F-16F7-4668-BE54-9A1E7A4F7556}") = "MIU.Core", "src\buildingblocks\MIU.Core\MIU.Core.csproj", "{C9B2845C-6D5D-4E4D-884A-5B50EE6E4AB9}"
EndProject
Project("{2150E333-8FDC-42A3-9474-1A3956D46DE8}") = "1 - Api", "1 - Api", "{CC6B771D-8ACE-4831-9496-DFD9C4EF31A8}"
EndProject
Project("{2150E333-8FDC-42A3-9474-1A3956D46DE8}") = "3 - Domain", "3 - Domain", "{03A44F81-4CB9-4F7F-97A5-8BAE7947CF2E}"
EndProject
Project("{2150E333-8FDC-42A3-9474-1A3956D46DE8}") = "4 - Infra", "4 - Infra", "{BCED12D8-1872-4642-9DAF-FAF99C59E42F}"
EndProject
Project("{9A19103F-16F7-4668-BE54-9A1E7A4F7556}") = "MIU.Movimentations.Api.Tests", "tests\MIU.Movimentations.Api.Tests\MIU.Movimentations.Api.Tests.csproj", "{723E0B91-ECB4-4366-9E8A-8080A0734E94}"
EndProject
Project("{9A19103F-16F7-4668-BE54-9A1E7A4F7556}") = "MIU.Movimentations.Domain.Tests", "tests\MIU.Movimentations.Domain.Tests\MIU.Movimentations.Domain.Tests.csproj", "{CC7ECEF8-1335-4461-A074-BCE707B28F92}"
EndProject
Project("{9A19103F-16F7-4668-BE54-9A1E7A4F7556}") = "MIU.Movimentations.Infra.Tests", "tests\MIU.Movimentations.Infra.Tests\MIU.Movimentations.Infra.Tests.csproj", "{9BB728D3-CD04-434F-A8F5-93E1F63371A9}"
EndProject
Project("{2150E333-8FDC-42A3-9474-1A3956D46DE8}") = "2 - Application", "2 - Application", "{DBA3E04A-DEB6-4618-905F-80FC1D6B596F}"
EndProject
Project("{9A19103F-16F7-4668-BE54-9A1E7A4F7556}") = "MIU.Movimentations.Application.Tests", "tests\MIU.Movimentations.Application.Tests\MIU.Movimentations.Application.Tests.csproj", "{81926036-D108-4807-840B-065D3BBF7D78}"
EndProject
Global
	GlobalSection(SolutionConfigurationPlatforms) = preSolution
		Debug|Any CPU = Debug|Any CPU
		Release|Any CPU = Release|Any CPU
	EndGlobalSection
	GlobalSection(ProjectConfigurationPlatforms) = postSolution
		{BC76031B-C95E-4849-90C5-714774042315}.Debug|Any CPU.ActiveCfg = Debug|Any CPU
		{BC76031B-C95E-4849-90C5-714774042315}.Debug|Any CPU.Build.0 = Debug|Any CPU
		{BC76031B-C95E-4849-90C5-714774042315}.Release|Any CPU.ActiveCfg = Release|Any CPU
		{BC76031B-C95E-4849-90C5-714774042315}.Release|Any CPU.Build.0 = Release|Any CPU
		{8F0DBA54-5B39-40C1-8D89-135F704000C7}.Debug|Any CPU.ActiveCfg = Debug|Any CPU
		{8F0DBA54-5B39-40C1-8D89-135F704000C7}.Debug|Any CPU.Build.0 = Debug|Any CPU
		{8F0DBA54-5B39-40C1-8D89-135F704000C7}.Release|Any CPU.ActiveCfg = Release|Any CPU
		{8F0DBA54-5B39-40C1-8D89-135F704000C7}.Release|Any CPU.Build.0 = Release|Any CPU
		{AA7A454B-1785-40C1-ADC7-53A97A086DE3}.Debug|Any CPU.ActiveCfg = Debug|Any CPU
		{AA7A454B-1785-40C1-ADC7-53A97A086DE3}.Debug|Any CPU.Build.0 = Debug|Any CPU
		{AA7A454B-1785-40C1-ADC7-53A97A086DE3}.Release|Any CPU.ActiveCfg = Release|Any CPU
		{AA7A454B-1785-40C1-ADC7-53A97A086DE3}.Release|Any CPU.Build.0 = Release|Any CPU
		{1C9338B3-D654-4B0B-B5CB-74128CB95C46}.Debug|Any CPU.ActiveCfg = Debug|Any CPU
		{1C9338B3-D654-4B0B-B5CB-74128CB95C46}.Debug|Any CPU.Build.0 = Debug|Any CPU
		{1C9338B3-D654-4B0B-B5CB-74128CB95C46}.Release|Any CPU.ActiveCfg = Release|Any CPU
		{1C9338B3-D654-4B0B-B5CB-74128CB95C46}.Release|Any CPU.Build.0 = Release|Any CPU
		{8BFDA753-401F-41C1-816A-DB47BD2FF5A5}.Debug|Any CPU.ActiveCfg = Debug|Any CPU
		{8BFDA753-401F-41C1-816A-DB47BD2FF5A5}.Debug|Any CPU.Build.0 = Debug|Any CPU
		{8BFDA753-401F-41C1-816A-DB47BD2FF5A5}.Release|Any CPU.ActiveCfg = Release|Any CPU
		{8BFDA753-401F-41C1-816A-DB47BD2FF5A5}.Release|Any CPU.Build.0 = Release|Any CPU
		{8B9E68A7-E053-4287-B7F6-AACFE82A428F}.Debug|Any CPU.ActiveCfg = Debug|Any CPU
		{8B9E68A7-E053-4287-B7F6-AACFE82A428F}.Debug|Any CPU.Build.0 = Debug|Any CPU
		{8B9E68A7-E053-4287-B7F6-AACFE82A428F}.Release|Any CPU.ActiveCfg = Release|Any CPU
		{8B9E68A7-E053-4287-B7F6-AACFE82A428F}.Release|Any CPU.Build.0 = Release|Any CPU
		{C9B2845C-6D5D-4E4D-884A-5B50EE6E4AB9}.Debug|Any CPU.ActiveCfg = Debug|Any CPU
		{C9B2845C-6D5D-4E4D-884A-5B50EE6E4AB9}.Debug|Any CPU.Build.0 = Debug|Any CPU
		{C9B2845C-6D5D-4E4D-884A-5B50EE6E4AB9}.Release|Any CPU.ActiveCfg = Release|Any CPU
		{C9B2845C-6D5D-4E4D-884A-5B50EE6E4AB9}.Release|Any CPU.Build.0 = Release|Any CPU
		{723E0B91-ECB4-4366-9E8A-8080A0734E94}.Debug|Any CPU.ActiveCfg = Debug|Any CPU
		{723E0B91-ECB4-4366-9E8A-8080A0734E94}.Debug|Any CPU.Build.0 = Debug|Any CPU
		{723E0B91-ECB4-4366-9E8A-8080A0734E94}.Release|Any CPU.ActiveCfg = Release|Any CPU
		{723E0B91-ECB4-4366-9E8A-8080A0734E94}.Release|Any CPU.Build.0 = Release|Any CPU
		{CC7ECEF8-1335-4461-A074-BCE707B28F92}.Debug|Any CPU.ActiveCfg = Debug|Any CPU
		{CC7ECEF8-1335-4461-A074-BCE707B28F92}.Debug|Any CPU.Build.0 = Debug|Any CPU
		{CC7ECEF8-1335-4461-A074-BCE707B28F92}.Release|Any CPU.ActiveCfg = Release|Any CPU
		{CC7ECEF8-1335-4461-A074-BCE707B28F92}.Release|Any CPU.Build.0 = Release|Any CPU
		{9BB728D3-CD04-434F-A8F5-93E1F63371A9}.Debug|Any CPU.ActiveCfg = Debug|Any CPU
		{9BB728D3-CD04-434F-A8F5-93E1F63371A9}.Debug|Any CPU.Build.0 = Debug|Any CPU
		{9BB728D3-CD04-434F-A8F5-93E1F63371A9}.Release|Any CPU.ActiveCfg = Release|Any CPU
		{9BB728D3-CD04-434F-A8F5-93E1F63371A9}.Release|Any CPU.Build.0 = Release|Any CPU
		{81926036-D108-4807-840B-065D3BBF7D78}.Debug|Any CPU.ActiveCfg = Debug|Any CPU
		{81926036-D108-4807-840B-065D3BBF7D78}.Debug|Any CPU.Build.0 = Debug|Any CPU
		{81926036-D108-4807-840B-065D3BBF7D78}.Release|Any CPU.ActiveCfg = Release|Any CPU
		{81926036-D108-4807-840B-065D3BBF7D78}.Release|Any CPU.Build.0 = Release|Any CPU
	EndGlobalSection
	GlobalSection(SolutionProperties) = preSolution
		HideSolutionNode = FALSE
	EndGlobalSection
	GlobalSection(NestedProjects) = preSolution
		{A3E97ECB-566B-4D2C-A070-E89992B4585E} = {D3B12560-F636-42BB-98BB-957F6399C47C}
		{8A0DCD1C-5D6A-451F-8F1F-24A9D2DC7CFE} = {D3B12560-F636-42BB-98BB-957F6399C47C}
		{1E622ACC-81CD-4CA9-9BE8-68BE63E5D6C2} = {A3E97ECB-566B-4D2C-A070-E89992B4585E}
		{F7A66A90-9698-4B89-9C01-EF60A544F1B7} = {8A0DCD1C-5D6A-451F-8F1F-24A9D2DC7CFE}
		{09852077-118D-4091-BFA6-96EAFE04ECDE} = {F7A66A90-9698-4B89-9C01-EF60A544F1B7}
		{733E7A12-C3AF-4AFB-BE68-93DEA26C619D} = {F7A66A90-9698-4B89-9C01-EF60A544F1B7}
		{C505666C-92A2-45F5-BF23-636B3255B9A2} = {F7A66A90-9698-4B89-9C01-EF60A544F1B7}
		{C62F7878-7F02-4E7E-A7BB-8FCA6C0BB453} = {F7A66A90-9698-4B89-9C01-EF60A544F1B7}
		{969BA664-9FB5-44F8-9472-5993A63864A1} = {F7A66A90-9698-4B89-9C01-EF60A544F1B7}
		{2E1F4D04-A24D-4EA7-A507-E90931C6E836} = {F7A66A90-9698-4B89-9C01-EF60A544F1B7}
		{BC76031B-C95E-4849-90C5-714774042315} = {09852077-118D-4091-BFA6-96EAFE04ECDE}
		{8F0DBA54-5B39-40C1-8D89-135F704000C7} = {733E7A12-C3AF-4AFB-BE68-93DEA26C619D}
		{AA7A454B-1785-40C1-ADC7-53A97A086DE3} = {C505666C-92A2-45F5-BF23-636B3255B9A2}
		{1C9338B3-D654-4B0B-B5CB-74128CB95C46} = {C505666C-92A2-45F5-BF23-636B3255B9A2}
		{8BFDA753-401F-41C1-816A-DB47BD2FF5A5} = {C62F7878-7F02-4E7E-A7BB-8FCA6C0BB453}
		{AC3B885C-91ED-47B9-A8F0-B731E0DDFA7B} = {A3E97ECB-566B-4D2C-A070-E89992B4585E}
		{8B9E68A7-E053-4287-B7F6-AACFE82A428F} = {AC3B885C-91ED-47B9-A8F0-B731E0DDFA7B}
		{C9B2845C-6D5D-4E4D-884A-5B50EE6E4AB9} = {1E622ACC-81CD-4CA9-9BE8-68BE63E5D6C2}
		{CC6B771D-8ACE-4831-9496-DFD9C4EF31A8} = {2E1F4D04-A24D-4EA7-A507-E90931C6E836}
		{03A44F81-4CB9-4F7F-97A5-8BAE7947CF2E} = {2E1F4D04-A24D-4EA7-A507-E90931C6E836}
		{BCED12D8-1872-4642-9DAF-FAF99C59E42F} = {2E1F4D04-A24D-4EA7-A507-E90931C6E836}
		{723E0B91-ECB4-4366-9E8A-8080A0734E94} = {CC6B771D-8ACE-4831-9496-DFD9C4EF31A8}
		{CC7ECEF8-1335-4461-A074-BCE707B28F92} = {03A44F81-4CB9-4F7F-97A5-8BAE7947CF2E}
		{9BB728D3-CD04-434F-A8F5-93E1F63371A9} = {BCED12D8-1872-4642-9DAF-FAF99C59E42F}
		{DBA3E04A-DEB6-4618-905F-80FC1D6B596F} = {2E1F4D04-A24D-4EA7-A507-E90931C6E836}
		{81926036-D108-4807-840B-065D3BBF7D78} = {DBA3E04A-DEB6-4618-905F-80FC1D6B596F}
	EndGlobalSection
	GlobalSection(ExtensibilityGlobals) = postSolution
		SolutionGuid = {AB145BD7-5C35-45D2-A0A5-B715C177FE27}
	EndGlobalSection
EndGlobal
